// !$*UTF8*$!
{
	archiveVersion = 1;
	classes = {
	};
	objectVersion = 55;
	objects = {

/* Begin PBXBuildFile section */
		AD1C67502899A31100DA60E1 /* Network.swift in Sources */ = {isa = PBXBuildFile; fileRef = AD1C674F2899A31100DA60E1 /* Network.swift */; };
		AD1C67522899A7F000DA60E1 /* StatsEnum.swift in Sources */ = {isa = PBXBuildFile; fileRef = AD1C67512899A7F000DA60E1 /* StatsEnum.swift */; };
		ADD063C12896E6CF00B166E4 /* PokeProjectApp.swift in Sources */ = {isa = PBXBuildFile; fileRef = ADD063C02896E6CF00B166E4 /* PokeProjectApp.swift */; };
		ADD063C32896E6CF00B166E4 /* ContentView.swift in Sources */ = {isa = PBXBuildFile; fileRef = ADD063C22896E6CF00B166E4 /* ContentView.swift */; };
		ADD063C52896E6D000B166E4 /* Assets.xcassets in Resources */ = {isa = PBXBuildFile; fileRef = ADD063C42896E6D000B166E4 /* Assets.xcassets */; };
		ADD063C82896E6D000B166E4 /* Preview Assets.xcassets in Resources */ = {isa = PBXBuildFile; fileRef = ADD063C72896E6D000B166E4 /* Preview Assets.xcassets */; };
		ADEC01882896EEF100214438 /* Color.xcassets in Resources */ = {isa = PBXBuildFile; fileRef = ADEC01872896EEF100214438 /* Color.xcassets */; };
		ADEC018C2896EFF000214438 /* Pokemon.swift in Sources */ = {isa = PBXBuildFile; fileRef = ADEC018B2896EFF000214438 /* Pokemon.swift */; };
		ADEC018E2896EFFB00214438 /* PokemonList.swift in Sources */ = {isa = PBXBuildFile; fileRef = ADEC018D2896EFFB00214438 /* PokemonList.swift */; };
		ADEC01912896F03800214438 /* ImageView.swift in Sources */ = {isa = PBXBuildFile; fileRef = ADEC01902896F03800214438 /* ImageView.swift */; };
		ADEC01932896F04800214438 /* BackGroundView.swift in Sources */ = {isa = PBXBuildFile; fileRef = ADEC01922896F04800214438 /* BackGroundView.swift */; };
		ADEC01952896F15200214438 /* HomePageView.swift in Sources */ = {isa = PBXBuildFile; fileRef = ADEC01942896F15200214438 /* HomePageView.swift */; };
		ADEC01972896F16300214438 /* CardView.swift in Sources */ = {isa = PBXBuildFile; fileRef = ADEC01962896F16300214438 /* CardView.swift */; };
		ADEC019B2896F35400214438 /* PokemonDetailViewModel.swift in Sources */ = {isa = PBXBuildFile; fileRef = ADEC019A2896F35400214438 /* PokemonDetailViewModel.swift */; };
		ADEC019D2896F37900214438 /* PokemonDetail.swift in Sources */ = {isa = PBXBuildFile; fileRef = ADEC019C2896F37900214438 /* PokemonDetail.swift */; };
		ADEC019F2896F39B00214438 /* Color+Extension.swift in Sources */ = {isa = PBXBuildFile; fileRef = ADEC019E2896F39B00214438 /* Color+Extension.swift */; };
		ADEC01A12896F3AC00214438 /* Image+Extension.swift in Sources */ = {isa = PBXBuildFile; fileRef = ADEC01A02896F3AC00214438 /* Image+Extension.swift */; };
		ADEC01A32896F3C200214438 /* Int+Extension.swift in Sources */ = {isa = PBXBuildFile; fileRef = ADEC01A22896F3C200214438 /* Int+Extension.swift */; };
/* End PBXBuildFile section */

/* Begin PBXFileReference section */
		AD1C674F2899A31100DA60E1 /* Network.swift */ = {isa = PBXFileReference; lastKnownFileType = sourcecode.swift; path = Network.swift; sourceTree = "<group>"; };
		AD1C67512899A7F000DA60E1 /* StatsEnum.swift */ = {isa = PBXFileReference; lastKnownFileType = sourcecode.swift; path = StatsEnum.swift; sourceTree = "<group>"; };
		ADD063BD2896E6CF00B166E4 /* PokeProject.app */ = {isa = PBXFileReference; explicitFileType = wrapper.application; includeInIndex = 0; path = PokeProject.app; sourceTree = BUILT_PRODUCTS_DIR; };
		ADD063C02896E6CF00B166E4 /* PokeProjectApp.swift */ = {isa = PBXFileReference; lastKnownFileType = sourcecode.swift; path = PokeProjectApp.swift; sourceTree = "<group>"; };
		ADD063C22896E6CF00B166E4 /* ContentView.swift */ = {isa = PBXFileReference; lastKnownFileType = sourcecode.swift; path = ContentView.swift; sourceTree = "<group>"; };
		ADD063C42896E6D000B166E4 /* Assets.xcassets */ = {isa = PBXFileReference; lastKnownFileType = folder.assetcatalog; path = Assets.xcassets; sourceTree = "<group>"; };
		ADD063C72896E6D000B166E4 /* Preview Assets.xcassets */ = {isa = PBXFileReference; lastKnownFileType = folder.assetcatalog; path = "Preview Assets.xcassets"; sourceTree = "<group>"; };
		ADEC01872896EEF100214438 /* Color.xcassets */ = {isa = PBXFileReference; lastKnownFileType = folder.assetcatalog; path = Color.xcassets; sourceTree = "<group>"; };
		ADEC018B2896EFF000214438 /* Pokemon.swift */ = {isa = PBXFileReference; lastKnownFileType = sourcecode.swift; path = Pokemon.swift; sourceTree = "<group>"; };
		ADEC018D2896EFFB00214438 /* PokemonList.swift */ = {isa = PBXFileReference; lastKnownFileType = sourcecode.swift; path = PokemonList.swift; sourceTree = "<group>"; };
		ADEC01902896F03800214438 /* ImageView.swift */ = {isa = PBXFileReference; lastKnownFileType = sourcecode.swift; path = ImageView.swift; sourceTree = "<group>"; };
		ADEC01922896F04800214438 /* BackGroundView.swift */ = {isa = PBXFileReference; lastKnownFileType = sourcecode.swift; path = BackGroundView.swift; sourceTree = "<group>"; };
		ADEC01942896F15200214438 /* HomePageView.swift */ = {isa = PBXFileReference; lastKnownFileType = sourcecode.swift; path = HomePageView.swift; sourceTree = "<group>"; };
		ADEC01962896F16300214438 /* CardView.swift */ = {isa = PBXFileReference; lastKnownFileType = sourcecode.swift; path = CardView.swift; sourceTree = "<group>"; };
		ADEC019A2896F35400214438 /* PokemonDetailViewModel.swift */ = {isa = PBXFileReference; lastKnownFileType = sourcecode.swift; path = PokemonDetailViewModel.swift; sourceTree = "<group>"; };
		ADEC019C2896F37900214438 /* PokemonDetail.swift */ = {isa = PBXFileReference; lastKnownFileType = sourcecode.swift; path = PokemonDetail.swift; sourceTree = "<group>"; };
		ADEC019E2896F39B00214438 /* Color+Extension.swift */ = {isa = PBXFileReference; lastKnownFileType = sourcecode.swift; path = "Color+Extension.swift"; sourceTree = "<group>"; };
		ADEC01A02896F3AC00214438 /* Image+Extension.swift */ = {isa = PBXFileReference; lastKnownFileType = sourcecode.swift; path = "Image+Extension.swift"; sourceTree = "<group>"; };
		ADEC01A22896F3C200214438 /* Int+Extension.swift */ = {isa = PBXFileReference; lastKnownFileType = sourcecode.swift; path = "Int+Extension.swift"; sourceTree = "<group>"; };
/* End PBXFileReference section */

/* Begin PBXFrameworksBuildPhase section */
		ADD063BA2896E6CF00B166E4 /* Frameworks */ = {
			isa = PBXFrameworksBuildPhase;
			buildActionMask = 2147483647;
			files = (
			);
			runOnlyForDeploymentPostprocessing = 0;
		};
/* End PBXFrameworksBuildPhase section */

/* Begin PBXGroup section */
		AD1C674E2899A2FB00DA60E1 /* Network */ = {
			isa = PBXGroup;
			children = (
				AD1C674F2899A31100DA60E1 /* Network.swift */,
			);
			path = Network;
			sourceTree = "<group>";
		};
		ADD063B42896E6CF00B166E4 = {
			isa = PBXGroup;
			children = (
				ADD063BF2896E6CF00B166E4 /* PokeProject */,
				ADD063BE2896E6CF00B166E4 /* Products */,
			);
			sourceTree = "<group>";
		};
		ADD063BE2896E6CF00B166E4 /* Products */ = {
			isa = PBXGroup;
			children = (
				ADD063BD2896E6CF00B166E4 /* PokeProject.app */,
			);
			name = Products;
			sourceTree = "<group>";
		};
		ADD063BF2896E6CF00B166E4 /* PokeProject */ = {
			isa = PBXGroup;
			children = (
				AD1C674E2899A2FB00DA60E1 /* Network */,
				ADEC01862896EECB00214438 /* Resource */,
				ADEC01842896EEAD00214438 /* Model */,
				ADEC01832896EEA700214438 /* View */,
				ADEC01822896EE9900214438 /* ViewModel */,
				ADEC017E2896EE5300214438 /* Utilities */,
				ADD063C02896E6CF00B166E4 /* PokeProjectApp.swift */,
				ADD063C62896E6D000B166E4 /* Preview Content */,
			);
			path = PokeProject;
			sourceTree = "<group>";
		};
		ADD063C62896E6D000B166E4 /* Preview Content */ = {
			isa = PBXGroup;
			children = (
				ADD063C72896E6D000B166E4 /* Preview Assets.xcassets */,
			);
			path = "Preview Content";
			sourceTree = "<group>";
		};
		ADEC017E2896EE5300214438 /* Utilities */ = {
			isa = PBXGroup;
			children = (
				ADEC01812896EE7F00214438 /* Helper */,
				ADEC017F2896EE6300214438 /* Extension */,
			);
			path = Utilities;
			sourceTree = "<group>";
		};
		ADEC017F2896EE6300214438 /* Extension */ = {
			isa = PBXGroup;
			children = (
				ADEC019E2896F39B00214438 /* Color+Extension.swift */,
				ADEC01A02896F3AC00214438 /* Image+Extension.swift */,
				ADEC01A22896F3C200214438 /* Int+Extension.swift */,
			);
			path = Extension;
			sourceTree = "<group>";
		};
		ADEC01812896EE7F00214438 /* Helper */ = {
			isa = PBXGroup;
			children = (
				ADEC019C2896F37900214438 /* PokemonDetail.swift */,
			);
			path = Helper;
			sourceTree = "<group>";
		};
		ADEC01822896EE9900214438 /* ViewModel */ = {
			isa = PBXGroup;
			children = (
				ADEC019A2896F35400214438 /* PokemonDetailViewModel.swift */,
			);
			path = ViewModel;
			sourceTree = "<group>";
		};
		ADEC01832896EEA700214438 /* View */ = {
			isa = PBXGroup;
			children = (
				ADEC01942896F15200214438 /* HomePageView.swift */,
				ADD063C22896E6CF00B166E4 /* ContentView.swift */,
				ADEC018F2896F00A00214438 /* Common */,
			);
			path = View;
			sourceTree = "<group>";
		};
		ADEC01842896EEAD00214438 /* Model */ = {
			isa = PBXGroup;
			children = (
				ADEC018B2896EFF000214438 /* Pokemon.swift */,
				ADEC018D2896EFFB00214438 /* PokemonList.swift */,
				AD1C67512899A7F000DA60E1 /* StatsEnum.swift */,
			);
			path = Model;
			sourceTree = "<group>";
		};
		ADEC01862896EECB00214438 /* Resource */ = {
			isa = PBXGroup;
			children = (
				ADD063C42896E6D000B166E4 /* Assets.xcassets */,
				ADEC01872896EEF100214438 /* Color.xcassets */,
			);
			path = Resource;
			sourceTree = "<group>";
		};
		ADEC018F2896F00A00214438 /* Common */ = {
			isa = PBXGroup;
			children = (
				ADEC01962896F16300214438 /* CardView.swift */,
				ADEC01902896F03800214438 /* ImageView.swift */,
				ADEC01922896F04800214438 /* BackGroundView.swift */,
			);
			path = Common;
			sourceTree = "<group>";
		};
/* End PBXGroup section */

/* Begin PBXNativeTarget section */
		ADD063BC2896E6CF00B166E4 /* PokeProject */ = {
			isa = PBXNativeTarget;
			buildConfigurationList = ADD063CB2896E6D000B166E4 /* Build configuration list for PBXNativeTarget "PokeProject" */;
			buildPhases = (
				ADD063B92896E6CF00B166E4 /* Sources */,
				ADD063BA2896E6CF00B166E4 /* Frameworks */,
				ADD063BB2896E6CF00B166E4 /* Resources */,
			);
			buildRules = (
			);
			dependencies = (
			);
			name = PokeProject;
			productName = PokeProject;
			productReference = ADD063BD2896E6CF00B166E4 /* PokeProject.app */;
			productType = "com.apple.product-type.application";
		};
/* End PBXNativeTarget section */

/* Begin PBXProject section */
		ADD063B52896E6CF00B166E4 /* Project object */ = {
			isa = PBXProject;
			attributes = {
				BuildIndependentTargetsInParallel = 1;
				LastSwiftUpdateCheck = 1340;
				LastUpgradeCheck = 1340;
				TargetAttributes = {
					ADD063BC2896E6CF00B166E4 = {
						CreatedOnToolsVersion = 13.4.1;
					};
				};
			};
			buildConfigurationList = ADD063B82896E6CF00B166E4 /* Build configuration list for PBXProject "PokeProject" */;
			compatibilityVersion = "Xcode 13.0";
			developmentRegion = en;
			hasScannedForEncodings = 0;
			knownRegions = (
				en,
				Base,
			);
			mainGroup = ADD063B42896E6CF00B166E4;
			productRefGroup = ADD063BE2896E6CF00B166E4 /* Products */;
			projectDirPath = "";
			projectRoot = "";
			targets = (
				ADD063BC2896E6CF00B166E4 /* PokeProject */,
			);
		};
/* End PBXProject section */

/* Begin PBXResourcesBuildPhase section */
		ADD063BB2896E6CF00B166E4 /* Resources */ = {
			isa = PBXResourcesBuildPhase;
			buildActionMask = 2147483647;
			files = (
				ADD063C82896E6D000B166E4 /* Preview Assets.xcassets in Resources */,
				ADD063C52896E6D000B166E4 /* Assets.xcassets in Resources */,
				ADEC01882896EEF100214438 /* Color.xcassets in Resources */,
			);
			runOnlyForDeploymentPostprocessing = 0;
		};
/* End PBXResourcesBuildPhase section */

/* Begin PBXSourcesBuildPhase section */
		ADD063B92896E6CF00B166E4 /* Sources */ = {
			isa = PBXSourcesBuildPhase;
			buildActionMask = 2147483647;
			files = (
				ADEC01A32896F3C200214438 /* Int+Extension.swift in Sources */,
				ADEC01932896F04800214438 /* BackGroundView.swift in Sources */,
				ADEC01972896F16300214438 /* CardView.swift in Sources */,
				ADEC01912896F03800214438 /* ImageView.swift in Sources */,
				ADD063C32896E6CF00B166E4 /* ContentView.swift in Sources */,
				AD1C67522899A7F000DA60E1 /* StatsEnum.swift in Sources */,
				AD1C67502899A31100DA60E1 /* Network.swift in Sources */,
				ADEC018C2896EFF000214438 /* Pokemon.swift in Sources */,
				ADEC01A12896F3AC00214438 /* Image+Extension.swift in Sources */,
				ADD063C12896E6CF00B166E4 /* PokeProjectApp.swift in Sources */,
				ADEC019B2896F35400214438 /* PokemonDetailViewModel.swift in Sources */,
				ADEC01952896F15200214438 /* HomePageView.swift in Sources */,
				ADEC019D2896F37900214438 /* PokemonDetail.swift in Sources */,
				ADEC018E2896EFFB00214438 /* PokemonList.swift in Sources */,
				ADEC019F2896F39B00214438 /* Color+Extension.swift in Sources */,
			);
			runOnlyForDeploymentPostprocessing = 0;
		};
/* End PBXSourcesBuildPhase section */

/* Begin XCBuildConfiguration section */
		ADD063C92896E6D000B166E4 /* Debug */ = {
			isa = XCBuildConfiguration;
			buildSettings = {
				ALWAYS_SEARCH_USER_PATHS = NO;
				CLANG_ANALYZER_NONNULL = YES;
				CLANG_ANALYZER_NUMBER_OBJECT_CONVERSION = YES_AGGRESSIVE;
				CLANG_CXX_LANGUAGE_STANDARD = "gnu++17";
				CLANG_ENABLE_MODULES = YES;
				CLANG_ENABLE_OBJC_ARC = YES;
				CLANG_ENABLE_OBJC_WEAK = YES;
				CLANG_WARN_BLOCK_CAPTURE_AUTORELEASING = YES;
				CLANG_WARN_BOOL_CONVERSION = YES;
				CLANG_WARN_COMMA = YES;
				CLANG_WARN_CONSTANT_CONVERSION = YES;
				CLANG_WARN_DEPRECATED_OBJC_IMPLEMENTATIONS = YES;
				CLANG_WARN_DIRECT_OBJC_ISA_USAGE = YES_ERROR;
				CLANG_WARN_DOCUMENTATION_COMMENTS = YES;
				CLANG_WARN_EMPTY_BODY = YES;
				CLANG_WARN_ENUM_CONVERSION = YES;
				CLANG_WARN_INFINITE_RECURSION = YES;
				CLANG_WARN_INT_CONVERSION = YES;
				CLANG_WARN_NON_LITERAL_NULL_CONVERSION = YES;
				CLANG_WARN_OBJC_IMPLICIT_RETAIN_SELF = YES;
				CLANG_WARN_OBJC_LITERAL_CONVERSION = YES;
				CLANG_WARN_OBJC_ROOT_CLASS = YES_ERROR;
				CLANG_WARN_QUOTED_INCLUDE_IN_FRAMEWORK_HEADER = YES;
				CLANG_WARN_RANGE_LOOP_ANALYSIS = YES;
				CLANG_WARN_STRICT_PROTOTYPES = YES;
				CLANG_WARN_SUSPICIOUS_MOVE = YES;
				CLANG_WARN_UNGUARDED_AVAILABILITY = YES_AGGRESSIVE;
				CLANG_WARN_UNREACHABLE_CODE = YES;
				CLANG_WARN__DUPLICATE_METHOD_MATCH = YES;
				COPY_PHASE_STRIP = NO;
				DEBUG_INFORMATION_FORMAT = dwarf;
				ENABLE_STRICT_OBJC_MSGSEND = YES;
				ENABLE_TESTABILITY = YES;
				GCC_C_LANGUAGE_STANDARD = gnu11;
				GCC_DYNAMIC_NO_PIC = NO;
				GCC_NO_COMMON_BLOCKS = YES;
				GCC_OPTIMIZATION_LEVEL = 0;
				GCC_PREPROCESSOR_DEFINITIONS = (
					"DEBUG=1",
					"$(inherited)",
				);
				GCC_WARN_64_TO_32_BIT_CONVERSION = YES;
				GCC_WARN_ABOUT_RETURN_TYPE = YES_ERROR;
				GCC_WARN_UNDECLARED_SELECTOR = YES;
				GCC_WARN_UNINITIALIZED_AUTOS = YES_AGGRESSIVE;
				GCC_WARN_UNUSED_FUNCTION = YES;
				GCC_WARN_UNUSED_VARIABLE = YES;
				IPHONEOS_DEPLOYMENT_TARGET = 14.0;
				MTL_ENABLE_DEBUG_INFO = INCLUDE_SOURCE;
				MTL_FAST_MATH = YES;
				ONLY_ACTIVE_ARCH = YES;
				SDKROOT = iphoneos;
				SWIFT_ACTIVE_COMPILATION_CONDITIONS = DEBUG;
				SWIFT_OPTIMIZATION_LEVEL = "-Onone";
			};
			name = Debug;
		};
		ADD063CA2896E6D000B166E4 /* Release */ = {
			isa = XCBuildConfiguration;
			buildSettings = {
				ALWAYS_SEARCH_USER_PATHS = NO;
				CLANG_ANALYZER_NONNULL = YES;
				CLANG_ANALYZER_NUMBER_OBJECT_CONVERSION = YES_AGGRESSIVE;
				CLANG_CXX_LANGUAGE_STANDARD = "gnu++17";
				CLANG_ENABLE_MODULES = YES;
				CLANG_ENABLE_OBJC_ARC = YES;
				CLANG_ENABLE_OBJC_WEAK = YES;
				CLANG_WARN_BLOCK_CAPTURE_AUTORELEASING = YES;
				CLANG_WARN_BOOL_CONVERSION = YES;
				CLANG_WARN_COMMA = YES;
				CLANG_WARN_CONSTANT_CONVERSION = YES;
				CLANG_WARN_DEPRECATED_OBJC_IMPLEMENTATIONS = YES;
				CLANG_WARN_DIRECT_OBJC_ISA_USAGE = YES_ERROR;
				CLANG_WARN_DOCUMENTATION_COMMENTS = YES;
				CLANG_WARN_EMPTY_BODY = YES;
				CLANG_WARN_ENUM_CONVERSION = YES;
				CLANG_WARN_INFINITE_RECURSION = YES;
				CLANG_WARN_INT_CONVERSION = YES;
				CLANG_WARN_NON_LITERAL_NULL_CONVERSION = YES;
				CLANG_WARN_OBJC_IMPLICIT_RETAIN_SELF = YES;
				CLANG_WARN_OBJC_LITERAL_CONVERSION = YES;
				CLANG_WARN_OBJC_ROOT_CLASS = YES_ERROR;
				CLANG_WARN_QUOTED_INCLUDE_IN_FRAMEWORK_HEADER = YES;
				CLANG_WARN_RANGE_LOOP_ANALYSIS = YES;
				CLANG_WARN_STRICT_PROTOTYPES = YES;
				CLANG_WARN_SUSPICIOUS_MOVE = YES;
				CLANG_WARN_UNGUARDED_AVAILABILITY = YES_AGGRESSIVE;
				CLANG_WARN_UNREACHABLE_CODE = YES;
				CLANG_WARN__DUPLICATE_METHOD_MATCH = YES;
				COPY_PHASE_STRIP = NO;
				DEBUG_INFORMATION_FORMAT = "dwarf-with-dsym";
				ENABLE_NS_ASSERTIONS = NO;
				ENABLE_STRICT_OBJC_MSGSEND = YES;
				GCC_C_LANGUAGE_STANDARD = gnu11;
				GCC_NO_COMMON_BLOCKS = YES;
				GCC_WARN_64_TO_32_BIT_CONVERSION = YES;
				GCC_WARN_ABOUT_RETURN_TYPE = YES_ERROR;
				GCC_WARN_UNDECLARED_SELECTOR = YES;
				GCC_WARN_UNINITIALIZED_AUTOS = YES_AGGRESSIVE;
				GCC_WARN_UNUSED_FUNCTION = YES;
				GCC_WARN_UNUSED_VARIABLE = YES;
				IPHONEOS_DEPLOYMENT_TARGET = 14.0;
				MTL_ENABLE_DEBUG_INFO = NO;
				MTL_FAST_MATH = YES;
				SDKROOT = iphoneos;
				SWIFT_COMPILATION_MODE = wholemodule;
				SWIFT_OPTIMIZATION_LEVEL = "-O";
				VALIDATE_PRODUCT = YES;
			};
			name = Release;
		};
		ADD063CC2896E6D000B166E4 /* Debug */ = {
			isa = XCBuildConfiguration;
			buildSettings = {
				ASSETCATALOG_COMPILER_APPICON_NAME = AppIcon;
				ASSETCATALOG_COMPILER_GLOBAL_ACCENT_COLOR_NAME = AccentColor;
				CODE_SIGN_STYLE = Automatic;
				CURRENT_PROJECT_VERSION = 1;
				DEVELOPMENT_ASSET_PATHS = "\"PokeProject/Preview Content\"";
				DEVELOPMENT_TEAM = GP3QLAVDU7;
				ENABLE_PREVIEWS = YES;
				GENERATE_INFOPLIST_FILE = YES;
				INFOPLIST_KEY_UIApplicationSceneManifest_Generation = YES;
				INFOPLIST_KEY_UIApplicationSupportsIndirectInputEvents = YES;
				INFOPLIST_KEY_UILaunchScreen_Generation = YES;
				INFOPLIST_KEY_UISupportedInterfaceOrientations_iPad = "UIInterfaceOrientationPortrait UIInterfaceOrientationPortraitUpsideDown UIInterfaceOrientationLandscapeLeft UIInterfaceOrientationLandscapeRight";
				INFOPLIST_KEY_UISupportedInterfaceOrientations_iPhone = "UIInterfaceOrientationPortrait UIInterfaceOrientationLandscapeLeft UIInterfaceOrientationLandscapeRight";
				LD_RUNPATH_SEARCH_PATHS = (
					"$(inherited)",
					"@executable_path/Frameworks",
				);
				MARKETING_VERSION = 1.0;
				PRODUCT_BUNDLE_IDENTIFIER = com.aleynakahyaoglu.PokeProject;
				PRODUCT_NAME = "$(TARGET_NAME)";
				SWIFT_EMIT_LOC_STRINGS = YES;
				SWIFT_VERSION = 5.0;
				TARGETED_DEVICE_FAMILY = "1,2";
			};
			name = Debug;
		};
		ADD063CD2896E6D000B166E4 /* Release */ = {
			isa = XCBuildConfiguration;
			buildSettings = {
				ASSETCATALOG_COMPILER_APPICON_NAME = AppIcon;
				ASSETCATALOG_COMPILER_GLOBAL_ACCENT_COLOR_NAME = AccentColor;
				CODE_SIGN_STYLE = Automatic;
				CURRENT_PROJECT_VERSION = 1;
				DEVELOPMENT_ASSET_PATHS = "\"PokeProject/Preview Content\"";
				DEVELOPMENT_TEAM = GP3QLAVDU7;
				ENABLE_PREVIEWS = YES;
				GENERATE_INFOPLIST_FILE = YES;
				INFOPLIST_KEY_UIApplicationSceneManifest_Generation = YES;
				INFOPLIST_KEY_UIApplicationSupportsIndirectInputEvents = YES;
				INFOPLIST_KEY_UILaunchScreen_Generation = YES;
				INFOPLIST_KEY_UISupportedInterfaceOrientations_iPad = "UIInterfaceOrientationPortrait UIInterfaceOrientationPortraitUpsideDown UIInterfaceOrientationLandscapeLeft UIInterfaceOrientationLandscapeRight";
				INFOPLIST_KEY_UISupportedInterfaceOrientations_iPhone = "UIInterfaceOrientationPortrait UIInterfaceOrientationLandscapeLeft UIInterfaceOrientationLandscapeRight";
				LD_RUNPATH_SEARCH_PATHS = (
					"$(inherited)",
					"@executable_path/Frameworks",
				);
				MARKETING_VERSION = 1.0;
				PRODUCT_BUNDLE_IDENTIFIER = com.aleynakahyaoglu.PokeProject;
				PRODUCT_NAME = "$(TARGET_NAME)";
				SWIFT_EMIT_LOC_STRINGS = YES;
				SWIFT_VERSION = 5.0;
				TARGETED_DEVICE_FAMILY = "1,2";
			};
			name = Release;
		};
/* End XCBuildConfiguration section */

/* Begin XCConfigurationList section */
		ADD063B82896E6CF00B166E4 /* Build configuration list for PBXProject "PokeProject" */ = {
			isa = XCConfigurationList;
			buildConfigurations = (
				ADD063C92896E6D000B166E4 /* Debug */,
				ADD063CA2896E6D000B166E4 /* Release */,
			);
			defaultConfigurationIsVisible = 0;
			defaultConfigurationName = Release;
		};
		ADD063CB2896E6D000B166E4 /* Build configuration list for PBXNativeTarget "PokeProject" */ = {
			isa = XCConfigurationList;
			buildConfigurations = (
				ADD063CC2896E6D000B166E4 /* Debug */,
				ADD063CD2896E6D000B166E4 /* Release */,
			);
			defaultConfigurationIsVisible = 0;
			defaultConfigurationName = Release;
		};
/* End XCConfigurationList section */
	};
	rootObject = ADD063B52896E6CF00B166E4 /* Project object */;
}
